// !$*UTF8*$!
{
	archiveVersion = 1;
	classes = {
	};
	objectVersion = 55;
	objects = {

/* Begin PBXBuildFile section */
		D156CF93272C65F100300CAE /* AppDelegate.swift in Sources */ = {isa = PBXBuildFile; fileRef = D156CF92272C65F100300CAE /* AppDelegate.swift */; };
		D156CF95272C65F100300CAE /* SceneDelegate.swift in Sources */ = {isa = PBXBuildFile; fileRef = D156CF94272C65F100300CAE /* SceneDelegate.swift */; };
		D156CF97272C65F100300CAE /* MainViewController.swift in Sources */ = {isa = PBXBuildFile; fileRef = D156CF96272C65F100300CAE /* MainViewController.swift */; };
		D156CF9C272C65F400300CAE /* Assets.xcassets in Resources */ = {isa = PBXBuildFile; fileRef = D156CF9B272C65F400300CAE /* Assets.xcassets */; };
		D156CFA9272C69C000300CAE /* ViewConfiguration.swift in Sources */ = {isa = PBXBuildFile; fileRef = D156CFA8272C69C000300CAE /* ViewConfiguration.swift */; };
		D156CFAC272C6C7E00300CAE /* UIView+.swift in Sources */ = {isa = PBXBuildFile; fileRef = D156CFAB272C6C7E00300CAE /* UIView+.swift */; };
		D156CFB1272D097700300CAE /* MainHeaderView.swift in Sources */ = {isa = PBXBuildFile; fileRef = D156CFB0272D097700300CAE /* MainHeaderView.swift */; };
		D156CFB5272D45E100300CAE /* MainTableViewCell.swift in Sources */ = {isa = PBXBuildFile; fileRef = D156CFB4272D45E100300CAE /* MainTableViewCell.swift */; };
		D156CFB7272D4DDA00300CAE /* UIStackView+.swift in Sources */ = {isa = PBXBuildFile; fileRef = D156CFB6272D4DDA00300CAE /* UIStackView+.swift */; };
		D156CFBB272D552400300CAE /* Post.swift in Sources */ = {isa = PBXBuildFile; fileRef = D156CFBA272D552400300CAE /* Post.swift */; };
		D17D07652730F8980038B423 /* IntroduceCell.swift in Sources */ = {isa = PBXBuildFile; fileRef = D17D07642730F8980038B423 /* IntroduceCell.swift */; };
		D17D076A273133380038B423 /* FMDBManager.swift in Sources */ = {isa = PBXBuildFile; fileRef = D17D0769273133380038B423 /* FMDBManager.swift */; };
		D17D076D273134020038B423 /* libsqlite3.tbd in Frameworks */ = {isa = PBXBuildFile; fileRef = D17D076C273134020038B423 /* libsqlite3.tbd */; };
		D17D077127316C600038B423 /* FMDB in Frameworks */ = {isa = PBXBuildFile; productRef = D17D077027316C600038B423 /* FMDB */; };
		D17D07832731A8600038B423 /* NewPostViewController.swift in Sources */ = {isa = PBXBuildFile; fileRef = D17D07822731A8600038B423 /* NewPostViewController.swift */; };
		D1E618B82732297600F05301 /* TitleTextField.swift in Sources */ = {isa = PBXBuildFile; fileRef = D1E618B72732297600F05301 /* TitleTextField.swift */; };
		D1E618BB27323E8100F05301 /* DateFormatter.swift in Sources */ = {isa = PBXBuildFile; fileRef = D1E618BA27323E8100F05301 /* DateFormatter.swift */; };
		D1E618BD27325A3900F05301 /* DetailViewController.swift in Sources */ = {isa = PBXBuildFile; fileRef = D1E618BC27325A3900F05301 /* DetailViewController.swift */; };
		D1E618E02732740600F05301 /* CommentField.swift in Sources */ = {isa = PBXBuildFile; fileRef = D1E618DF2732740600F05301 /* CommentField.swift */; };
		D1E618E527329FBD00F05301 /* DetailViewContentCell.swift in Sources */ = {isa = PBXBuildFile; fileRef = D1E618E427329FBD00F05301 /* DetailViewContentCell.swift */; };
		D1E618E72732A1D500F05301 /* DetailViewCommentCell.swift in Sources */ = {isa = PBXBuildFile; fileRef = D1E618E62732A1D500F05301 /* DetailViewCommentCell.swift */; };
		D1E618E92732AE9100F05301 /* Comment.swift in Sources */ = {isa = PBXBuildFile; fileRef = D1E618E82732AE9100F05301 /* Comment.swift */; };
		D1E618ED2732C8A900F05301 /* blog.sqlite in Resources */ = {isa = PBXBuildFile; fileRef = D1E618EC2732C8A900F05301 /* blog.sqlite */; };
/* End PBXBuildFile section */

/* Begin PBXFileReference section */
		D156CF8F272C65F100300CAE /* SmileBlog.app */ = {isa = PBXFileReference; explicitFileType = wrapper.application; includeInIndex = 0; path = SmileBlog.app; sourceTree = BUILT_PRODUCTS_DIR; };
		D156CF92272C65F100300CAE /* AppDelegate.swift */ = {isa = PBXFileReference; lastKnownFileType = sourcecode.swift; path = AppDelegate.swift; sourceTree = "<group>"; };
		D156CF94272C65F100300CAE /* SceneDelegate.swift */ = {isa = PBXFileReference; lastKnownFileType = sourcecode.swift; path = SceneDelegate.swift; sourceTree = "<group>"; };
		D156CF96272C65F100300CAE /* MainViewController.swift */ = {isa = PBXFileReference; lastKnownFileType = sourcecode.swift; path = MainViewController.swift; sourceTree = "<group>"; };
		D156CF9B272C65F400300CAE /* Assets.xcassets */ = {isa = PBXFileReference; lastKnownFileType = folder.assetcatalog; path = Assets.xcassets; sourceTree = "<group>"; };
		D156CFA0272C65F400300CAE /* Info.plist */ = {isa = PBXFileReference; lastKnownFileType = text.plist.xml; path = Info.plist; sourceTree = "<group>"; };
		D156CFA8272C69C000300CAE /* ViewConfiguration.swift */ = {isa = PBXFileReference; lastKnownFileType = sourcecode.swift; path = ViewConfiguration.swift; sourceTree = "<group>"; };
		D156CFAB272C6C7E00300CAE /* UIView+.swift */ = {isa = PBXFileReference; lastKnownFileType = sourcecode.swift; path = "UIView+.swift"; sourceTree = "<group>"; };
		D156CFB0272D097700300CAE /* MainHeaderView.swift */ = {isa = PBXFileReference; lastKnownFileType = sourcecode.swift; path = MainHeaderView.swift; sourceTree = "<group>"; };
		D156CFB4272D45E100300CAE /* MainTableViewCell.swift */ = {isa = PBXFileReference; lastKnownFileType = sourcecode.swift; path = MainTableViewCell.swift; sourceTree = "<group>"; };
		D156CFB6272D4DDA00300CAE /* UIStackView+.swift */ = {isa = PBXFileReference; lastKnownFileType = sourcecode.swift; path = "UIStackView+.swift"; sourceTree = "<group>"; };
		D156CFBA272D552400300CAE /* Post.swift */ = {isa = PBXFileReference; lastKnownFileType = sourcecode.swift; path = Post.swift; sourceTree = "<group>"; };
		D17D07642730F8980038B423 /* IntroduceCell.swift */ = {isa = PBXFileReference; lastKnownFileType = sourcecode.swift; path = IntroduceCell.swift; sourceTree = "<group>"; };
		D17D0769273133380038B423 /* FMDBManager.swift */ = {isa = PBXFileReference; lastKnownFileType = sourcecode.swift; path = FMDBManager.swift; sourceTree = "<group>"; };
		D17D076C273134020038B423 /* libsqlite3.tbd */ = {isa = PBXFileReference; lastKnownFileType = "sourcecode.text-based-dylib-definition"; name = libsqlite3.tbd; path = usr/lib/libsqlite3.tbd; sourceTree = SDKROOT; };
		D17D076E273134700038B423 /* SmileBlog-Bridging-Header.h */ = {isa = PBXFileReference; lastKnownFileType = sourcecode.c.h; path = "SmileBlog-Bridging-Header.h"; sourceTree = "<group>"; };
		D17D07822731A8600038B423 /* NewPostViewController.swift */ = {isa = PBXFileReference; lastKnownFileType = sourcecode.swift; path = NewPostViewController.swift; sourceTree = "<group>"; };
		D1E618B72732297600F05301 /* TitleTextField.swift */ = {isa = PBXFileReference; lastKnownFileType = sourcecode.swift; path = TitleTextField.swift; sourceTree = "<group>"; };
		D1E618BA27323E8100F05301 /* DateFormatter.swift */ = {isa = PBXFileReference; lastKnownFileType = sourcecode.swift; path = DateFormatter.swift; sourceTree = "<group>"; };
		D1E618BC27325A3900F05301 /* DetailViewController.swift */ = {isa = PBXFileReference; lastKnownFileType = sourcecode.swift; path = DetailViewController.swift; sourceTree = "<group>"; };
		D1E618DF2732740600F05301 /* CommentField.swift */ = {isa = PBXFileReference; lastKnownFileType = sourcecode.swift; path = CommentField.swift; sourceTree = "<group>"; };
		D1E618E427329FBD00F05301 /* DetailViewContentCell.swift */ = {isa = PBXFileReference; lastKnownFileType = sourcecode.swift; path = DetailViewContentCell.swift; sourceTree = "<group>"; };
		D1E618E62732A1D500F05301 /* DetailViewCommentCell.swift */ = {isa = PBXFileReference; lastKnownFileType = sourcecode.swift; path = DetailViewCommentCell.swift; sourceTree = "<group>"; };
		D1E618E82732AE9100F05301 /* Comment.swift */ = {isa = PBXFileReference; lastKnownFileType = sourcecode.swift; path = Comment.swift; sourceTree = "<group>"; };
		D1E618EC2732C8A900F05301 /* blog.sqlite */ = {isa = PBXFileReference; lastKnownFileType = file; path = blog.sqlite; sourceTree = "<group>"; };
/* End PBXFileReference section */

/* Begin PBXFrameworksBuildPhase section */
		D156CF8C272C65F100300CAE /* Frameworks */ = {
			isa = PBXFrameworksBuildPhase;
			buildActionMask = 2147483647;
			files = (
				D17D076D273134020038B423 /* libsqlite3.tbd in Frameworks */,
				D17D077127316C600038B423 /* FMDB in Frameworks */,
			);
			runOnlyForDeploymentPostprocessing = 0;
		};
/* End PBXFrameworksBuildPhase section */

/* Begin PBXGroup section */
		D156CF86272C65F100300CAE = {
			isa = PBXGroup;
			children = (
				D156CF91272C65F100300CAE /* SmileBlog */,
				D156CF90272C65F100300CAE /* Products */,
				D17D076B273134020038B423 /* Frameworks */,
			);
			sourceTree = "<group>";
		};
		D156CF90272C65F100300CAE /* Products */ = {
			isa = PBXGroup;
			children = (
				D156CF8F272C65F100300CAE /* SmileBlog.app */,
			);
			name = Products;
			sourceTree = "<group>";
		};
		D156CF91272C65F100300CAE /* SmileBlog */ = {
			isa = PBXGroup;
			children = (
				D17D0766273121490038B423 /* FMDB */,
				D156CFB8272D54FB00300CAE /* Model */,
				D156CFAF272CE6E200300CAE /* Entry */,
				D156CFAA272C6C6500300CAE /* Extensions */,
				D156CFA6272C697100300CAE /* Scene */,
				D156CF9B272C65F400300CAE /* Assets.xcassets */,
				D156CFA0272C65F400300CAE /* Info.plist */,
				D17D076E273134700038B423 /* SmileBlog-Bridging-Header.h */,
			);
			path = SmileBlog;
			sourceTree = "<group>";
		};
		D156CFA6272C697100300CAE /* Scene */ = {
			isa = PBXGroup;
			children = (
				D1E618E127329F6500F05301 /* Cells */,
				D1E618B927322B9C00F05301 /* UIElements */,
				D156CFA7272C697900300CAE /* Protocol */,
				D156CF96272C65F100300CAE /* MainViewController.swift */,
				D156CFB0272D097700300CAE /* MainHeaderView.swift */,
				D17D07822731A8600038B423 /* NewPostViewController.swift */,
				D1E618BC27325A3900F05301 /* DetailViewController.swift */,
			);
			path = Scene;
			sourceTree = "<group>";
		};
		D156CFA7272C697900300CAE /* Protocol */ = {
			isa = PBXGroup;
			children = (
				D156CFA8272C69C000300CAE /* ViewConfiguration.swift */,
			);
			path = Protocol;
			sourceTree = "<group>";
		};
		D156CFAA272C6C6500300CAE /* Extensions */ = {
			isa = PBXGroup;
			children = (
				D156CFAB272C6C7E00300CAE /* UIView+.swift */,
				D156CFB6272D4DDA00300CAE /* UIStackView+.swift */,
				D1E618BA27323E8100F05301 /* DateFormatter.swift */,
			);
			path = Extensions;
			sourceTree = "<group>";
		};
		D156CFAF272CE6E200300CAE /* Entry */ = {
			isa = PBXGroup;
			children = (
				D156CF92272C65F100300CAE /* AppDelegate.swift */,
				D156CF94272C65F100300CAE /* SceneDelegate.swift */,
			);
			path = Entry;
			sourceTree = "<group>";
		};
		D156CFB8272D54FB00300CAE /* Model */ = {
			isa = PBXGroup;
			children = (
				D156CFBA272D552400300CAE /* Post.swift */,
				D1E618E82732AE9100F05301 /* Comment.swift */,
			);
			path = Model;
			sourceTree = "<group>";
		};
		D17D0766273121490038B423 /* FMDB */ = {
			isa = PBXGroup;
			children = (
				D17D0769273133380038B423 /* FMDBManager.swift */,
				D1E618EC2732C8A900F05301 /* blog.sqlite */,
			);
			path = FMDB;
			sourceTree = "<group>";
		};
		D17D076B273134020038B423 /* Frameworks */ = {
			isa = PBXGroup;
			children = (
				D17D076C273134020038B423 /* libsqlite3.tbd */,
			);
			name = Frameworks;
			sourceTree = "<group>";
		};
		D1E618B927322B9C00F05301 /* UIElements */ = {
			isa = PBXGroup;
			children = (
				D1E618B72732297600F05301 /* TitleTextField.swift */,
				D1E618DF2732740600F05301 /* CommentField.swift */,
			);
			path = UIElements;
			sourceTree = "<group>";
		};
		D1E618E127329F6500F05301 /* Cells */ = {
			isa = PBXGroup;
			children = (
				D156CFB4272D45E100300CAE /* MainTableViewCell.swift */,
				D17D07642730F8980038B423 /* IntroduceCell.swift */,
				D1E618E427329FBD00F05301 /* DetailViewContentCell.swift */,
				D1E618E62732A1D500F05301 /* DetailViewCommentCell.swift */,
			);
			path = Cells;
			sourceTree = "<group>";
		};
/* End PBXGroup section */

/* Begin PBXNativeTarget section */
		D156CF8E272C65F100300CAE /* SmileBlog */ = {
			isa = PBXNativeTarget;
			buildConfigurationList = D156CFA3272C65F400300CAE /* Build configuration list for PBXNativeTarget "SmileBlog" */;
			buildPhases = (
				D156CF8B272C65F100300CAE /* Sources */,
				D156CF8C272C65F100300CAE /* Frameworks */,
				D156CF8D272C65F100300CAE /* Resources */,
			);
			buildRules = (
			);
			dependencies = (
			);
			name = SmileBlog;
			packageProductDependencies = (
				D17D077027316C600038B423 /* FMDB */,
			);
			productName = SmileBlog;
			productReference = D156CF8F272C65F100300CAE /* SmileBlog.app */;
			productType = "com.apple.product-type.application";
		};
/* End PBXNativeTarget section */

/* Begin PBXProject section */
		D156CF87272C65F100300CAE /* Project object */ = {
			isa = PBXProject;
			attributes = {
				BuildIndependentTargetsInParallel = 1;
				LastSwiftUpdateCheck = 1300;
				LastUpgradeCheck = 1300;
				TargetAttributes = {
					D156CF8E272C65F100300CAE = {
						CreatedOnToolsVersion = 13.0;
					};
				};
			};
			buildConfigurationList = D156CF8A272C65F100300CAE /* Build configuration list for PBXProject "SmileBlog" */;
			compatibilityVersion = "Xcode 13.0";
			developmentRegion = en;
			hasScannedForEncodings = 0;
			knownRegions = (
				en,
				Base,
			);
			mainGroup = D156CF86272C65F100300CAE;
			packageReferences = (
				D17D076F27316C600038B423 /* XCRemoteSwiftPackageReference "fmdb" */,
			);
			productRefGroup = D156CF90272C65F100300CAE /* Products */;
			projectDirPath = "";
			projectRoot = "";
			targets = (
				D156CF8E272C65F100300CAE /* SmileBlog */,
			);
		};
/* End PBXProject section */

/* Begin PBXResourcesBuildPhase section */
		D156CF8D272C65F100300CAE /* Resources */ = {
			isa = PBXResourcesBuildPhase;
			buildActionMask = 2147483647;
			files = (
				D156CF9C272C65F400300CAE /* Assets.xcassets in Resources */,
				D1E618ED2732C8A900F05301 /* blog.sqlite in Resources */,
			);
			runOnlyForDeploymentPostprocessing = 0;
		};
/* End PBXResourcesBuildPhase section */

/* Begin PBXSourcesBuildPhase section */
		D156CF8B272C65F100300CAE /* Sources */ = {
			isa = PBXSourcesBuildPhase;
			buildActionMask = 2147483647;
			files = (
				D156CF97272C65F100300CAE /* MainViewController.swift in Sources */,
				D156CFA9272C69C000300CAE /* ViewConfiguration.swift in Sources */,
				D17D07652730F8980038B423 /* IntroduceCell.swift in Sources */,
				D156CFB5272D45E100300CAE /* MainTableViewCell.swift in Sources */,
				D1E618B82732297600F05301 /* TitleTextField.swift in Sources */,
				D17D07832731A8600038B423 /* NewPostViewController.swift in Sources */,
				D17D076A273133380038B423 /* FMDBManager.swift in Sources */,
				D156CFB1272D097700300CAE /* MainHeaderView.swift in Sources */,
				D1E618BB27323E8100F05301 /* DateFormatter.swift in Sources */,
				D156CF93272C65F100300CAE /* AppDelegate.swift in Sources */,
				D156CF95272C65F100300CAE /* SceneDelegate.swift in Sources */,
				D156CFB7272D4DDA00300CAE /* UIStackView+.swift in Sources */,
				D1E618BD27325A3900F05301 /* DetailViewController.swift in Sources */,
				D1E618E527329FBD00F05301 /* DetailViewContentCell.swift in Sources */,
				D1E618E02732740600F05301 /* CommentField.swift in Sources */,
				D1E618E72732A1D500F05301 /* DetailViewCommentCell.swift in Sources */,
				D1E618E92732AE9100F05301 /* Comment.swift in Sources */,
				D156CFAC272C6C7E00300CAE /* UIView+.swift in Sources */,
				D156CFBB272D552400300CAE /* Post.swift in Sources */,
			);
			runOnlyForDeploymentPostprocessing = 0;
		};
/* End PBXSourcesBuildPhase section */

/* Begin XCBuildConfiguration section */
		D156CFA1272C65F400300CAE /* Debug */ = {
			isa = XCBuildConfiguration;
			buildSettings = {
				ALWAYS_SEARCH_USER_PATHS = NO;
				CLANG_ANALYZER_NONNULL = YES;
				CLANG_ANALYZER_NUMBER_OBJECT_CONVERSION = YES_AGGRESSIVE;
				CLANG_CXX_LANGUAGE_STANDARD = "gnu++17";
				CLANG_CXX_LIBRARY = "libc++";
				CLANG_ENABLE_MODULES = YES;
				CLANG_ENABLE_OBJC_ARC = YES;
				CLANG_ENABLE_OBJC_WEAK = YES;
				CLANG_WARN_BLOCK_CAPTURE_AUTORELEASING = YES;
				CLANG_WARN_BOOL_CONVERSION = YES;
				CLANG_WARN_COMMA = YES;
				CLANG_WARN_CONSTANT_CONVERSION = YES;
				CLANG_WARN_DEPRECATED_OBJC_IMPLEMENTATIONS = YES;
				CLANG_WARN_DIRECT_OBJC_ISA_USAGE = YES_ERROR;
				CLANG_WARN_DOCUMENTATION_COMMENTS = YES;
				CLANG_WARN_EMPTY_BODY = YES;
				CLANG_WARN_ENUM_CONVERSION = YES;
				CLANG_WARN_INFINITE_RECURSION = YES;
				CLANG_WARN_INT_CONVERSION = YES;
				CLANG_WARN_NON_LITERAL_NULL_CONVERSION = YES;
				CLANG_WARN_OBJC_IMPLICIT_RETAIN_SELF = YES;
				CLANG_WARN_OBJC_LITERAL_CONVERSION = YES;
				CLANG_WARN_OBJC_ROOT_CLASS = YES_ERROR;
				CLANG_WARN_QUOTED_INCLUDE_IN_FRAMEWORK_HEADER = YES;
				CLANG_WARN_RANGE_LOOP_ANALYSIS = YES;
				CLANG_WARN_STRICT_PROTOTYPES = YES;
				CLANG_WARN_SUSPICIOUS_MOVE = YES;
				CLANG_WARN_UNGUARDED_AVAILABILITY = YES_AGGRESSIVE;
				CLANG_WARN_UNREACHABLE_CODE = YES;
				CLANG_WARN__DUPLICATE_METHOD_MATCH = YES;
				COPY_PHASE_STRIP = NO;
				DEBUG_INFORMATION_FORMAT = dwarf;
				ENABLE_STRICT_OBJC_MSGSEND = YES;
				ENABLE_TESTABILITY = YES;
				GCC_C_LANGUAGE_STANDARD = gnu11;
				GCC_DYNAMIC_NO_PIC = NO;
				GCC_NO_COMMON_BLOCKS = YES;
				GCC_OPTIMIZATION_LEVEL = 0;
				GCC_PREPROCESSOR_DEFINITIONS = (
					"DEBUG=1",
					"$(inherited)",
				);
				GCC_WARN_64_TO_32_BIT_CONVERSION = YES;
				GCC_WARN_ABOUT_RETURN_TYPE = YES_ERROR;
				GCC_WARN_UNDECLARED_SELECTOR = YES;
				GCC_WARN_UNINITIALIZED_AUTOS = YES_AGGRESSIVE;
				GCC_WARN_UNUSED_FUNCTION = YES;
				GCC_WARN_UNUSED_VARIABLE = YES;
				IPHONEOS_DEPLOYMENT_TARGET = 13.0;
				MTL_ENABLE_DEBUG_INFO = INCLUDE_SOURCE;
				MTL_FAST_MATH = YES;
				ONLY_ACTIVE_ARCH = YES;
				SDKROOT = iphoneos;
				SWIFT_ACTIVE_COMPILATION_CONDITIONS = DEBUG;
				SWIFT_OPTIMIZATION_LEVEL = "-Onone";
			};
			name = Debug;
		};
		D156CFA2272C65F400300CAE /* Release */ = {
			isa = XCBuildConfiguration;
			buildSettings = {
				ALWAYS_SEARCH_USER_PATHS = NO;
				CLANG_ANALYZER_NONNULL = YES;
				CLANG_ANALYZER_NUMBER_OBJECT_CONVERSION = YES_AGGRESSIVE;
				CLANG_CXX_LANGUAGE_STANDARD = "gnu++17";
				CLANG_CXX_LIBRARY = "libc++";
				CLANG_ENABLE_MODULES = YES;
				CLANG_ENABLE_OBJC_ARC = YES;
				CLANG_ENABLE_OBJC_WEAK = YES;
				CLANG_WARN_BLOCK_CAPTURE_AUTORELEASING = YES;
				CLANG_WARN_BOOL_CONVERSION = YES;
				CLANG_WARN_COMMA = YES;
				CLANG_WARN_CONSTANT_CONVERSION = YES;
				CLANG_WARN_DEPRECATED_OBJC_IMPLEMENTATIONS = YES;
				CLANG_WARN_DIRECT_OBJC_ISA_USAGE = YES_ERROR;
				CLANG_WARN_DOCUMENTATION_COMMENTS = YES;
				CLANG_WARN_EMPTY_BODY = YES;
				CLANG_WARN_ENUM_CONVERSION = YES;
				CLANG_WARN_INFINITE_RECURSION = YES;
				CLANG_WARN_INT_CONVERSION = YES;
				CLANG_WARN_NON_LITERAL_NULL_CONVERSION = YES;
				CLANG_WARN_OBJC_IMPLICIT_RETAIN_SELF = YES;
				CLANG_WARN_OBJC_LITERAL_CONVERSION = YES;
				CLANG_WARN_OBJC_ROOT_CLASS = YES_ERROR;
				CLANG_WARN_QUOTED_INCLUDE_IN_FRAMEWORK_HEADER = YES;
				CLANG_WARN_RANGE_LOOP_ANALYSIS = YES;
				CLANG_WARN_STRICT_PROTOTYPES = YES;
				CLANG_WARN_SUSPICIOUS_MOVE = YES;
				CLANG_WARN_UNGUARDED_AVAILABILITY = YES_AGGRESSIVE;
				CLANG_WARN_UNREACHABLE_CODE = YES;
				CLANG_WARN__DUPLICATE_METHOD_MATCH = YES;
				COPY_PHASE_STRIP = NO;
				DEBUG_INFORMATION_FORMAT = "dwarf-with-dsym";
				ENABLE_NS_ASSERTIONS = NO;
				ENABLE_STRICT_OBJC_MSGSEND = YES;
				GCC_C_LANGUAGE_STANDARD = gnu11;
				GCC_NO_COMMON_BLOCKS = YES;
				GCC_WARN_64_TO_32_BIT_CONVERSION = YES;
				GCC_WARN_ABOUT_RETURN_TYPE = YES_ERROR;
				GCC_WARN_UNDECLARED_SELECTOR = YES;
				GCC_WARN_UNINITIALIZED_AUTOS = YES_AGGRESSIVE;
				GCC_WARN_UNUSED_FUNCTION = YES;
				GCC_WARN_UNUSED_VARIABLE = YES;
				IPHONEOS_DEPLOYMENT_TARGET = 13.0;
				MTL_ENABLE_DEBUG_INFO = NO;
				MTL_FAST_MATH = YES;
				SDKROOT = iphoneos;
				SWIFT_COMPILATION_MODE = wholemodule;
				SWIFT_OPTIMIZATION_LEVEL = "-O";
				VALIDATE_PRODUCT = YES;
			};
			name = Release;
		};
		D156CFA4272C65F400300CAE /* Debug */ = {
			isa = XCBuildConfiguration;
			buildSettings = {
				ASSETCATALOG_COMPILER_APPICON_NAME = AppIcon;
				ASSETCATALOG_COMPILER_GLOBAL_ACCENT_COLOR_NAME = AccentColor;
				CODE_SIGN_STYLE = Automatic;
				CURRENT_PROJECT_VERSION = 1;
				DEVELOPMENT_TEAM = 6U5233X9SB;
				GENERATE_INFOPLIST_FILE = YES;
				INFOPLIST_FILE = SmileBlog/Info.plist;
				INFOPLIST_KEY_UIApplicationSupportsIndirectInputEvents = YES;
				INFOPLIST_KEY_UILaunchStoryboardName = LaunchScreen;
				INFOPLIST_KEY_UISupportedInterfaceOrientations_iPad = "UIInterfaceOrientationPortrait UIInterfaceOrientationPortraitUpsideDown UIInterfaceOrientationLandscapeLeft UIInterfaceOrientationLandscapeRight";
				INFOPLIST_KEY_UISupportedInterfaceOrientations_iPhone = "UIInterfaceOrientationPortrait UIInterfaceOrientationLandscapeLeft UIInterfaceOrientationLandscapeRight";
				LD_RUNPATH_SEARCH_PATHS = (
					"$(inherited)",
					"@executable_path/Frameworks",
				);
				MARKETING_VERSION = 1.0;
				PRODUCT_BUNDLE_IDENTIFIER = edu.dongguk.cs.SmileBlog;
				PRODUCT_NAME = "$(TARGET_NAME)";
				SWIFT_EMIT_LOC_STRINGS = YES;
				SWIFT_OBJC_BRIDGING_HEADER = "/Users/wankikim/Documents/github/SmileBlog/SmileBlog/SmileBlog/SmileBlog-Bridging-Header.h";
				SWIFT_VERSION = 5.0;
				TARGETED_DEVICE_FAMILY = "1,2";
			};
			name = Debug;
		};
		D156CFA5272C65F400300CAE /* Release */ = {
			isa = XCBuildConfiguration;
			buildSettings = {
				ASSETCATALOG_COMPILER_APPICON_NAME = AppIcon;
				ASSETCATALOG_COMPILER_GLOBAL_ACCENT_COLOR_NAME = AccentColor;
				CODE_SIGN_STYLE = Automatic;
				CURRENT_PROJECT_VERSION = 1;
				DEVELOPMENT_TEAM = 6U5233X9SB;
				GENERATE_INFOPLIST_FILE = YES;
				INFOPLIST_FILE = SmileBlog/Info.plist;
				INFOPLIST_KEY_UIApplicationSupportsIndirectInputEvents = YES;
				INFOPLIST_KEY_UILaunchStoryboardName = LaunchScreen;
				INFOPLIST_KEY_UISupportedInterfaceOrientations_iPad = "UIInterfaceOrientationPortrait UIInterfaceOrientationPortraitUpsideDown UIInterfaceOrientationLandscapeLeft UIInterfaceOrientationLandscapeRight";
				INFOPLIST_KEY_UISupportedInterfaceOrientations_iPhone = "UIInterfaceOrientationPortrait UIInterfaceOrientationLandscapeLeft UIInterfaceOrientationLandscapeRight";
				LD_RUNPATH_SEARCH_PATHS = (
					"$(inherited)",
					"@executable_path/Frameworks",
				);
				MARKETING_VERSION = 1.0;
				PRODUCT_BUNDLE_IDENTIFIER = edu.dongguk.cs.SmileBlog;
				PRODUCT_NAME = "$(TARGET_NAME)";
				SWIFT_EMIT_LOC_STRINGS = YES;
				SWIFT_OBJC_BRIDGING_HEADER = "/Users/wankikim/Documents/github/SmileBlog/SmileBlog/SmileBlog/SmileBlog-Bridging-Header.h";
				SWIFT_VERSION = 5.0;
				TARGETED_DEVICE_FAMILY = "1,2";
			};
			name = Release;
		};
/* End XCBuildConfiguration section */

/* Begin XCConfigurationList section */
		D156CF8A272C65F100300CAE /* Build configuration list for PBXProject "SmileBlog" */ = {
			isa = XCConfigurationList;
			buildConfigurations = (
				D156CFA1272C65F400300CAE /* Debug */,
				D156CFA2272C65F400300CAE /* Release */,
			);
			defaultConfigurationIsVisible = 0;
			defaultConfigurationName = Release;
		};
		D156CFA3272C65F400300CAE /* Build configuration list for PBXNativeTarget "SmileBlog" */ = {
			isa = XCConfigurationList;
			buildConfigurations = (
				D156CFA4272C65F400300CAE /* Debug */,
				D156CFA5272C65F400300CAE /* Release */,
			);
			defaultConfigurationIsVisible = 0;
			defaultConfigurationName = Release;
		};
/* End XCConfigurationList section */

/* Begin XCRemoteSwiftPackageReference section */
		D17D076F27316C600038B423 /* XCRemoteSwiftPackageReference "fmdb" */ = {
			isa = XCRemoteSwiftPackageReference;
			repositoryURL = "https://github.com/ccgus/fmdb.git";
			requirement = {
				branch = master;
				kind = branch;
			};
		};
/* End XCRemoteSwiftPackageReference section */

/* Begin XCSwiftPackageProductDependency section */
		D17D077027316C600038B423 /* FMDB */ = {
			isa = XCSwiftPackageProductDependency;
			package = D17D076F27316C600038B423 /* XCRemoteSwiftPackageReference "fmdb" */;
			productName = FMDB;
		};
/* End XCSwiftPackageProductDependency section */
	};
	rootObject = D156CF87272C65F100300CAE /* Project object */;
}
